
Microsoft Visual Studio Solution File, Format Version 12.00
# Visual Studio 15
VisualStudioVersion = 15.0.27130.2003
MinimumVisualStudioVersion = 10.0.40219.1
Project("{FAE04EC0-301F-11D3-BF4B-00C04F79EFBC}") = "TicTacToe.Android", "TicTacToe\TicTacToe.Android\TicTacToe.Android.csproj", "{97784430-C6CE-423F-B39F-86508FD3C915}"
EndProject
Project("{FAE04EC0-301F-11D3-BF4B-00C04F79EFBC}") = "TicTacToe.iOS", "TicTacToe\TicTacToe.iOS\TicTacToe.iOS.csproj", "{36191225-3081-42B0-9E72-6701AC120044}"
EndProject
Project("{FAE04EC0-301F-11D3-BF4B-00C04F79EFBC}") = "TicTacToe.UWP", "TicTacToe\TicTacToe.UWP\TicTacToe.UWP.csproj", "{51100EB3-2B39-403A-9F87-10114ACCEAC3}"
EndProject
Project("{FAE04EC0-301F-11D3-BF4B-00C04F79EFBC}") = "TicTacToe", "TicTacToe\TicTacToe\TicTacToe.csproj", "{A7D60617-B8A0-4FA3-A6B6-A043905B18CB}"
EndProject
Global
	GlobalSection(SolutionConfigurationPlatforms) = preSolution
		Ad-Hoc|Any CPU = Ad-Hoc|Any CPU
		Ad-Hoc|ARM = Ad-Hoc|ARM
		Ad-Hoc|iPhone = Ad-Hoc|iPhone
		Ad-Hoc|iPhoneSimulator = Ad-Hoc|iPhoneSimulator
		Ad-Hoc|x64 = Ad-Hoc|x64
		Ad-Hoc|x86 = Ad-Hoc|x86
		AppStore|Any CPU = AppStore|Any CPU
		AppStore|ARM = AppStore|ARM
		AppStore|iPhone = AppStore|iPhone
		AppStore|iPhoneSimulator = AppStore|iPhoneSimulator
		AppStore|x64 = AppStore|x64
		AppStore|x86 = AppStore|x86
		Debug|Any CPU = Debug|Any CPU
		Debug|ARM = Debug|ARM
		Debug|iPhone = Debug|iPhone
		Debug|iPhoneSimulator = Debug|iPhoneSimulator
		Debug|x64 = Debug|x64
		Debug|x86 = Debug|x86
		Release|Any CPU = Release|Any CPU
		Release|ARM = Release|ARM
		Release|iPhone = Release|iPhone
		Release|iPhoneSimulator = Release|iPhoneSimulator
		Release|x64 = Release|x64
		Release|x86 = Release|x86
	EndGlobalSection
	GlobalSection(ProjectConfigurationPlatforms) = postSolution
		{97784430-C6CE-423F-B39F-86508FD3C915}.Ad-Hoc|Any CPU.ActiveCfg = Release|Any CPU
		{97784430-C6CE-423F-B39F-86508FD3C915}.Ad-Hoc|Any CPU.Build.0 = Release|Any CPU
		{97784430-C6CE-423F-B39F-86508FD3C915}.Ad-Hoc|Any CPU.Deploy.0 = Release|Any CPU
		{97784430-C6CE-423F-B39F-86508FD3C915}.Ad-Hoc|ARM.ActiveCfg = Release|Any CPU
		{97784430-C6CE-423F-B39F-86508FD3C915}.Ad-Hoc|ARM.Build.0 = Release|Any CPU
		{97784430-C6CE-423F-B39F-86508FD3C915}.Ad-Hoc|ARM.Deploy.0 = Release|Any CPU
		{97784430-C6CE-423F-B39F-86508FD3C915}.Ad-Hoc|iPhone.ActiveCfg = Release|Any CPU
		{97784430-C6CE-423F-B39F-86508FD3C915}.Ad-Hoc|iPhone.Build.0 = Release|Any CPU
		{97784430-C6CE-423F-B39F-86508FD3C915}.Ad-Hoc|iPhone.Deploy.0 = Release|Any CPU
		{97784430-C6CE-423F-B39F-86508FD3C915}.Ad-Hoc|iPhoneSimulator.ActiveCfg = Release|Any CPU
		{97784430-C6CE-423F-B39F-86508FD3C915}.Ad-Hoc|iPhoneSimulator.Build.0 = Release|Any CPU
		{97784430-C6CE-423F-B39F-86508FD3C915}.Ad-Hoc|iPhoneSimulator.Deploy.0 = Release|Any CPU
		{97784430-C6CE-423F-B39F-86508FD3C915}.Ad-Hoc|x64.ActiveCfg = Release|Any CPU
		{97784430-C6CE-423F-B39F-86508FD3C915}.Ad-Hoc|x64.Build.0 = Release|Any CPU
		{97784430-C6CE-423F-B39F-86508FD3C915}.Ad-Hoc|x64.Deploy.0 = Release|Any CPU
		{97784430-C6CE-423F-B39F-86508FD3C915}.Ad-Hoc|x86.ActiveCfg = Release|Any CPU
		{97784430-C6CE-423F-B39F-86508FD3C915}.Ad-Hoc|x86.Build.0 = Release|Any CPU
		{97784430-C6CE-423F-B39F-86508FD3C915}.Ad-Hoc|x86.Deploy.0 = Release|Any CPU
		{97784430-C6CE-423F-B39F-86508FD3C915}.AppStore|Any CPU.ActiveCfg = Release|Any CPU
		{97784430-C6CE-423F-B39F-86508FD3C915}.AppStore|Any CPU.Build.0 = Release|Any CPU
		{97784430-C6CE-423F-B39F-86508FD3C915}.AppStore|Any CPU.Deploy.0 = Release|Any CPU
		{97784430-C6CE-423F-B39F-86508FD3C915}.AppStore|ARM.ActiveCfg = Release|Any CPU
		{97784430-C6CE-423F-B39F-86508FD3C915}.AppStore|ARM.Build.0 = Release|Any CPU
		{97784430-C6CE-423F-B39F-86508FD3C915}.AppStore|ARM.Deploy.0 = Release|Any CPU
		{97784430-C6CE-423F-B39F-86508FD3C915}.AppStore|iPhone.ActiveCfg = Release|Any CPU
		{97784430-C6CE-423F-B39F-86508FD3C915}.AppStore|iPhone.Build.0 = Release|Any CPU
		{97784430-C6CE-423F-B39F-86508FD3C915}.AppStore|iPhone.Deploy.0 = Release|Any CPU
		{97784430-C6CE-423F-B39F-86508FD3C915}.AppStore|iPhoneSimulator.ActiveCfg = Release|Any CPU
		{97784430-C6CE-423F-B39F-86508FD3C915}.AppStore|iPhoneSimulator.Build.0 = Release|Any CPU
		{97784430-C6CE-423F-B39F-86508FD3C915}.AppStore|iPhoneSimulator.Deploy.0 = Release|Any CPU
		{97784430-C6CE-423F-B39F-86508FD3C915}.AppStore|x64.ActiveCfg = Release|Any CPU
		{97784430-C6CE-423F-B39F-86508FD3C915}.AppStore|x64.Build.0 = Release|Any CPU
		{97784430-C6CE-423F-B39F-86508FD3C915}.AppStore|x64.Deploy.0 = Release|Any CPU
		{97784430-C6CE-423F-B39F-86508FD3C915}.AppStore|x86.ActiveCfg = Release|Any CPU
		{97784430-C6CE-423F-B39F-86508FD3C915}.AppStore|x86.Build.0 = Release|Any CPU
		{97784430-C6CE-423F-B39F-86508FD3C915}.AppStore|x86.Deploy.0 = Release|Any CPU
		{97784430-C6CE-423F-B39F-86508FD3C915}.Debug|Any CPU.ActiveCfg = Debug|Any CPU
		{97784430-C6CE-423F-B39F-86508FD3C915}.Debug|Any CPU.Build.0 = Debug|Any CPU
		{97784430-C6CE-423F-B39F-86508FD3C915}.Debug|Any CPU.Deploy.0 = Debug|Any CPU
		{97784430-C6CE-423F-B39F-86508FD3C915}.Debug|ARM.ActiveCfg = Debug|Any CPU
		{97784430-C6CE-423F-B39F-86508FD3C915}.Debug|ARM.Build.0 = Debug|Any CPU
		{97784430-C6CE-423F-B39F-86508FD3C915}.Debug|ARM.Deploy.0 = Debug|Any CPU
		{97784430-C6CE-423F-B39F-86508FD3C915}.Debug|iPhone.ActiveCfg = Debug|Any CPU
		{97784430-C6CE-423F-B39F-86508FD3C915}.Debug|iPhone.Build.0 = Debug|Any CPU
		{97784430-C6CE-423F-B39F-86508FD3C915}.Debug|iPhone.Deploy.0 = Debug|Any CPU
		{97784430-C6CE-423F-B39F-86508FD3C915}.Debug|iPhoneSimulator.ActiveCfg = Debug|Any CPU
		{97784430-C6CE-423F-B39F-86508FD3C915}.Debug|iPhoneSimulator.Build.0 = Debug|Any CPU
		{97784430-C6CE-423F-B39F-86508FD3C915}.Debug|iPhoneSimulator.Deploy.0 = Debug|Any CPU
		{97784430-C6CE-423F-B39F-86508FD3C915}.Debug|x64.ActiveCfg = Debug|Any CPU
		{97784430-C6CE-423F-B39F-86508FD3C915}.Debug|x64.Build.0 = Debug|Any CPU
		{97784430-C6CE-423F-B39F-86508FD3C915}.Debug|x64.Deploy.0 = Debug|Any CPU
		{97784430-C6CE-423F-B39F-86508FD3C915}.Debug|x86.ActiveCfg = Debug|Any CPU
		{97784430-C6CE-423F-B39F-86508FD3C915}.Debug|x86.Build.0 = Debug|Any CPU
		{97784430-C6CE-423F-B39F-86508FD3C915}.Debug|x86.Deploy.0 = Debug|Any CPU
		{97784430-C6CE-423F-B39F-86508FD3C915}.Release|Any CPU.ActiveCfg = Release|Any CPU
		{97784430-C6CE-423F-B39F-86508FD3C915}.Release|Any CPU.Build.0 = Release|Any CPU
		{97784430-C6CE-423F-B39F-86508FD3C915}.Release|Any CPU.Deploy.0 = Release|Any CPU
		{97784430-C6CE-423F-B39F-86508FD3C915}.Release|ARM.ActiveCfg = Release|Any CPU
		{97784430-C6CE-423F-B39F-86508FD3C915}.Release|ARM.Build.0 = Release|Any CPU
		{97784430-C6CE-423F-B39F-86508FD3C915}.Release|ARM.Deploy.0 = Release|Any CPU
		{97784430-C6CE-423F-B39F-86508FD3C915}.Release|iPhone.ActiveCfg = Release|Any CPU
		{97784430-C6CE-423F-B39F-86508FD3C915}.Release|iPhone.Build.0 = Release|Any CPU
		{97784430-C6CE-423F-B39F-86508FD3C915}.Release|iPhone.Deploy.0 = Release|Any CPU
		{97784430-C6CE-423F-B39F-86508FD3C915}.Release|iPhoneSimulator.ActiveCfg = Release|Any CPU
		{97784430-C6CE-423F-B39F-86508FD3C915}.Release|iPhoneSimulator.Build.0 = Release|Any CPU
		{97784430-C6CE-423F-B39F-86508FD3C915}.Release|iPhoneSimulator.Deploy.0 = Release|Any CPU
		{97784430-C6CE-423F-B39F-86508FD3C915}.Release|x64.ActiveCfg = Release|Any CPU
		{97784430-C6CE-423F-B39F-86508FD3C915}.Release|x64.Build.0 = Release|Any CPU
		{97784430-C6CE-423F-B39F-86508FD3C915}.Release|x64.Deploy.0 = Release|Any CPU
		{97784430-C6CE-423F-B39F-86508FD3C915}.Release|x86.ActiveCfg = Release|Any CPU
		{97784430-C6CE-423F-B39F-86508FD3C915}.Release|x86.Build.0 = Release|Any CPU
		{97784430-C6CE-423F-B39F-86508FD3C915}.Release|x86.Deploy.0 = Release|Any CPU
		{36191225-3081-42B0-9E72-6701AC120044}.Ad-Hoc|Any CPU.ActiveCfg = Ad-Hoc|iPhone
		{36191225-3081-42B0-9E72-6701AC120044}.Ad-Hoc|ARM.ActiveCfg = Ad-Hoc|iPhone
		{36191225-3081-42B0-9E72-6701AC120044}.Ad-Hoc|iPhone.ActiveCfg = Ad-Hoc|iPhone
		{36191225-3081-42B0-9E72-6701AC120044}.Ad-Hoc|iPhone.Build.0 = Ad-Hoc|iPhone
		{36191225-3081-42B0-9E72-6701AC120044}.Ad-Hoc|iPhoneSimulator.ActiveCfg = Ad-Hoc|iPhoneSimulator
		{36191225-3081-42B0-9E72-6701AC120044}.Ad-Hoc|iPhoneSimulator.Build.0 = Ad-Hoc|iPhoneSimulator
		{36191225-3081-42B0-9E72-6701AC120044}.Ad-Hoc|x64.ActiveCfg = Ad-Hoc|iPhone
		{36191225-3081-42B0-9E72-6701AC120044}.Ad-Hoc|x86.ActiveCfg = Ad-Hoc|iPhone
		{36191225-3081-42B0-9E72-6701AC120044}.AppStore|Any CPU.ActiveCfg = AppStore|iPhone
		{36191225-3081-42B0-9E72-6701AC120044}.AppStore|ARM.ActiveCfg = AppStore|iPhone
		{36191225-3081-42B0-9E72-6701AC120044}.AppStore|iPhone.ActiveCfg = AppStore|iPhone
		{36191225-3081-42B0-9E72-6701AC120044}.AppStore|iPhone.Build.0 = AppStore|iPhone
		{36191225-3081-42B0-9E72-6701AC120044}.AppStore|iPhoneSimulator.ActiveCfg = AppStore|iPhoneSimulator
		{36191225-3081-42B0-9E72-6701AC120044}.AppStore|iPhoneSimulator.Build.0 = AppStore|iPhoneSimulator
		{36191225-3081-42B0-9E72-6701AC120044}.AppStore|x64.ActiveCfg = AppStore|iPhone
		{36191225-3081-42B0-9E72-6701AC120044}.AppStore|x86.ActiveCfg = AppStore|iPhone
		{36191225-3081-42B0-9E72-6701AC120044}.Debug|Any CPU.ActiveCfg = Debug|iPhone
		{36191225-3081-42B0-9E72-6701AC120044}.Debug|ARM.ActiveCfg = Debug|iPhone
		{36191225-3081-42B0-9E72-6701AC120044}.Debug|iPhone.ActiveCfg = Debug|iPhone
		{36191225-3081-42B0-9E72-6701AC120044}.Debug|iPhone.Build.0 = Debug|iPhone
		{36191225-3081-42B0-9E72-6701AC120044}.Debug|iPhoneSimulator.ActiveCfg = Debug|iPhoneSimulator
		{36191225-3081-42B0-9E72-6701AC120044}.Debug|iPhoneSimulator.Build.0 = Debug|iPhoneSimulator
		{36191225-3081-42B0-9E72-6701AC120044}.Debug|x64.ActiveCfg = Debug|iPhone
		{36191225-3081-42B0-9E72-6701AC120044}.Debug|x86.ActiveCfg = Debug|iPhone
		{36191225-3081-42B0-9E72-6701AC120044}.Release|Any CPU.ActiveCfg = Release|iPhone
		{36191225-3081-42B0-9E72-6701AC120044}.Release|ARM.ActiveCfg = Release|iPhone
		{36191225-3081-42B0-9E72-6701AC120044}.Release|iPhone.ActiveCfg = Release|iPhone
		{36191225-3081-42B0-9E72-6701AC120044}.Release|iPhone.Build.0 = Release|iPhone
		{36191225-3081-42B0-9E72-6701AC120044}.Release|iPhoneSimulator.ActiveCfg = Release|iPhoneSimulator
		{36191225-3081-42B0-9E72-6701AC120044}.Release|iPhoneSimulator.Build.0 = Release|iPhoneSimulator
		{36191225-3081-42B0-9E72-6701AC120044}.Release|x64.ActiveCfg = Release|iPhone
		{36191225-3081-42B0-9E72-6701AC120044}.Release|x86.ActiveCfg = Release|iPhone
		{51100EB3-2B39-403A-9F87-10114ACCEAC3}.Ad-Hoc|Any CPU.ActiveCfg = Release|x86
		{51100EB3-2B39-403A-9F87-10114ACCEAC3}.Ad-Hoc|Any CPU.Build.0 = Release|x86
		{51100EB3-2B39-403A-9F87-10114ACCEAC3}.Ad-Hoc|Any CPU.Deploy.0 = Release|x86
		{51100EB3-2B39-403A-9F87-10114ACCEAC3}.Ad-Hoc|ARM.ActiveCfg = Release|ARM
		{51100EB3-2B39-403A-9F87-10114ACCEAC3}.Ad-Hoc|ARM.Build.0 = Release|ARM
		{51100EB3-2B39-403A-9F87-10114ACCEAC3}.Ad-Hoc|ARM.Deploy.0 = Release|ARM
		{51100EB3-2B39-403A-9F87-10114ACCEAC3}.Ad-Hoc|iPhone.ActiveCfg = Release|x86
		{51100EB3-2B39-403A-9F87-10114ACCEAC3}.Ad-Hoc|iPhone.Build.0 = Release|x86
		{51100EB3-2B39-403A-9F87-10114ACCEAC3}.Ad-Hoc|iPhone.Deploy.0 = Release|x86
		{51100EB3-2B39-403A-9F87-10114ACCEAC3}.Ad-Hoc|iPhoneSimulator.ActiveCfg = Release|x86
		{51100EB3-2B39-403A-9F87-10114ACCEAC3}.Ad-Hoc|iPhoneSimulator.Build.0 = Release|x86
		{51100EB3-2B39-403A-9F87-10114ACCEAC3}.Ad-Hoc|iPhoneSimulator.Deploy.0 = Release|x86
		{51100EB3-2B39-403A-9F87-10114ACCEAC3}.Ad-Hoc|x64.ActiveCfg = Release|x64
		{51100EB3-2B39-403A-9F87-10114ACCEAC3}.Ad-Hoc|x64.Build.0 = Release|x64
		{51100EB3-2B39-403A-9F87-10114ACCEAC3}.Ad-Hoc|x64.Deploy.0 = Release|x64
		{51100EB3-2B39-403A-9F87-10114ACCEAC3}.Ad-Hoc|x86.ActiveCfg = Release|x86
		{51100EB3-2B39-403A-9F87-10114ACCEAC3}.Ad-Hoc|x86.Build.0 = Release|x86
		{51100EB3-2B39-403A-9F87-10114ACCEAC3}.Ad-Hoc|x86.Deploy.0 = Release|x86
		{51100EB3-2B39-403A-9F87-10114ACCEAC3}.AppStore|Any CPU.ActiveCfg = Release|x86
		{51100EB3-2B39-403A-9F87-10114ACCEAC3}.AppStore|Any CPU.Build.0 = Release|x86
		{51100EB3-2B39-403A-9F87-10114ACCEAC3}.AppStore|Any CPU.Deploy.0 = Release|x86
		{51100EB3-2B39-403A-9F87-10114ACCEAC3}.AppStore|ARM.ActiveCfg = Release|ARM
		{51100EB3-2B39-403A-9F87-10114ACCEAC3}.AppStore|ARM.Build.0 = Release|ARM
		{51100EB3-2B39-403A-9F87-10114ACCEAC3}.AppStore|ARM.Deploy.0 = Release|ARM
		{51100EB3-2B39-403A-9F87-10114ACCEAC3}.AppStore|iPhone.ActiveCfg = Release|x86
		{51100EB3-2B39-403A-9F87-10114ACCEAC3}.AppStore|iPhone.Build.0 = Release|x86
		{51100EB3-2B39-403A-9F87-10114ACCEAC3}.AppStore|iPhone.Deploy.0 = Release|x86
		{51100EB3-2B39-403A-9F87-10114ACCEAC3}.AppStore|iPhoneSimulator.ActiveCfg = Release|x86
		{51100EB3-2B39-403A-9F87-10114ACCEAC3}.AppStore|iPhoneSimulator.Build.0 = Release|x86
		{51100EB3-2B39-403A-9F87-10114ACCEAC3}.AppStore|iPhoneSimulator.Deploy.0 = Release|x86
		{51100EB3-2B39-403A-9F87-10114ACCEAC3}.AppStore|x64.ActiveCfg = Release|x64
		{51100EB3-2B39-403A-9F87-10114ACCEAC3}.AppStore|x64.Build.0 = Release|x64
		{51100EB3-2B39-403A-9F87-10114ACCEAC3}.AppStore|x64.Deploy.0 = Release|x64
		{51100EB3-2B39-403A-9F87-10114ACCEAC3}.AppStore|x86.ActiveCfg = Release|x86
		{51100EB3-2B39-403A-9F87-10114ACCEAC3}.AppStore|x86.Build.0 = Release|x86
		{51100EB3-2B39-403A-9F87-10114ACCEAC3}.AppStore|x86.Deploy.0 = Release|x86
		{51100EB3-2B39-403A-9F87-10114ACCEAC3}.Debug|Any CPU.ActiveCfg = Debug|x86
		{51100EB3-2B39-403A-9F87-10114ACCEAC3}.Debug|ARM.ActiveCfg = Debug|ARM
		{51100EB3-2B39-403A-9F87-10114ACCEAC3}.Debug|ARM.Build.0 = Debug|ARM
		{51100EB3-2B39-403A-9F87-10114ACCEAC3}.Debug|ARM.Deploy.0 = Debug|ARM
		{51100EB3-2B39-403A-9F87-10114ACCEAC3}.Debug|iPhone.ActiveCfg = Debug|x86
		{51100EB3-2B39-403A-9F87-10114ACCEAC3}.Debug|iPhoneSimulator.ActiveCfg = Debug|x86
		{51100EB3-2B39-403A-9F87-10114ACCEAC3}.Debug|x64.ActiveCfg = Debug|x64
		{51100EB3-2B39-403A-9F87-10114ACCEAC3}.Debug|x64.Build.0 = Debug|x64
		{51100EB3-2B39-403A-9F87-10114ACCEAC3}.Debug|x64.Deploy.0 = Debug|x64
		{51100EB3-2B39-403A-9F87-10114ACCEAC3}.Debug|x86.ActiveCfg = Debug|x86
		{51100EB3-2B39-403A-9F87-10114ACCEAC3}.Debug|x86.Build.0 = Debug|x86
		{51100EB3-2B39-403A-9F87-10114ACCEAC3}.Debug|x86.Deploy.0 = Debug|x86
		{51100EB3-2B39-403A-9F87-10114ACCEAC3}.Release|Any CPU.ActiveCfg = Release|x86
		{51100EB3-2B39-403A-9F87-10114ACCEAC3}.Release|ARM.ActiveCfg = Release|ARM
		{51100EB3-2B39-403A-9F87-10114ACCEAC3}.Release|ARM.Build.0 = Release|ARM
		{51100EB3-2B39-403A-9F87-10114ACCEAC3}.Release|ARM.Deploy.0 = Release|ARM
		{51100EB3-2B39-403A-9F87-10114ACCEAC3}.Release|iPhone.ActiveCfg = Release|x86
		{51100EB3-2B39-403A-9F87-10114ACCEAC3}.Release|iPhoneSimulator.ActiveCfg = Release|x86
		{51100EB3-2B39-403A-9F87-10114ACCEAC3}.Release|x64.ActiveCfg = Release|x64
		{51100EB3-2B39-403A-9F87-10114ACCEAC3}.Release|x64.Build.0 = Release|x64
		{51100EB3-2B39-403A-9F87-10114ACCEAC3}.Release|x64.Deploy.0 = Release|x64
		{51100EB3-2B39-403A-9F87-10114ACCEAC3}.Release|x86.ActiveCfg = Release|x86
		{51100EB3-2B39-403A-9F87-10114ACCEAC3}.Release|x86.Build.0 = Release|x86
		{51100EB3-2B39-403A-9F87-10114ACCEAC3}.Release|x86.Deploy.0 = Release|x86
		{A7D60617-B8A0-4FA3-A6B6-A043905B18CB}.Ad-Hoc|Any CPU.ActiveCfg = Debug|Any CPU
		{A7D60617-B8A0-4FA3-A6B6-A043905B18CB}.Ad-Hoc|Any CPU.Build.0 = Debug|Any CPU
		{A7D60617-B8A0-4FA3-A6B6-A043905B18CB}.Ad-Hoc|ARM.ActiveCfg = Debug|Any CPU
		{A7D60617-B8A0-4FA3-A6B6-A043905B18CB}.Ad-Hoc|ARM.Build.0 = Debug|Any CPU
		{A7D60617-B8A0-4FA3-A6B6-A043905B18CB}.Ad-Hoc|iPhone.ActiveCfg = Debug|Any CPU
		{A7D60617-B8A0-4FA3-A6B6-A043905B18CB}.Ad-Hoc|iPhone.Build.0 = Debug|Any CPU
		{A7D60617-B8A0-4FA3-A6B6-A043905B18CB}.Ad-Hoc|iPhoneSimulator.ActiveCfg = Debug|Any CPU
		{A7D60617-B8A0-4FA3-A6B6-A043905B18CB}.Ad-Hoc|iPhoneSimulator.Build.0 = Debug|Any CPU
		{A7D60617-B8A0-4FA3-A6B6-A043905B18CB}.Ad-Hoc|x64.ActiveCfg = Debug|Any CPU
		{A7D60617-B8A0-4FA3-A6B6-A043905B18CB}.Ad-Hoc|x64.Build.0 = Debug|Any CPU
		{A7D60617-B8A0-4FA3-A6B6-A043905B18CB}.Ad-Hoc|x86.ActiveCfg = Debug|Any CPU
		{A7D60617-B8A0-4FA3-A6B6-A043905B18CB}.Ad-Hoc|x86.Build.0 = Debug|Any CPU
		{A7D60617-B8A0-4FA3-A6B6-A043905B18CB}.AppStore|Any CPU.ActiveCfg = Debug|Any CPU
		{A7D60617-B8A0-4FA3-A6B6-A043905B18CB}.AppStore|Any CPU.Build.0 = Debug|Any CPU
		{A7D60617-B8A0-4FA3-A6B6-A043905B18CB}.AppStore|ARM.ActiveCfg = Debug|Any CPU
		{A7D60617-B8A0-4FA3-A6B6-A043905B18CB}.AppStore|ARM.Build.0 = Debug|Any CPU
		{A7D60617-B8A0-4FA3-A6B6-A043905B18CB}.AppStore|iPhone.ActiveCfg = Debug|Any CPU
		{A7D60617-B8A0-4FA3-A6B6-A043905B18CB}.AppStore|iPhone.Build.0 = Debug|Any CPU
		{A7D60617-B8A0-4FA3-A6B6-A043905B18CB}.AppStore|iPhoneSimulator.ActiveCfg = Debug|Any CPU
		{A7D60617-B8A0-4FA3-A6B6-A043905B18CB}.AppStore|iPhoneSimulator.Build.0 = Debug|Any CPU
		{A7D60617-B8A0-4FA3-A6B6-A043905B18CB}.AppStore|x64.ActiveCfg = Debug|Any CPU
		{A7D60617-B8A0-4FA3-A6B6-A043905B18CB}.AppStore|x64.Build.0 = Debug|Any CPU
		{A7D60617-B8A0-4FA3-A6B6-A043905B18CB}.AppStore|x86.ActiveCfg = Debug|Any CPU
		{A7D60617-B8A0-4FA3-A6B6-A043905B18CB}.AppStore|x86.Build.0 = Debug|Any CPU
		{A7D60617-B8A0-4FA3-A6B6-A043905B18CB}.Debug|Any CPU.ActiveCfg = Debug|Any CPU
		{A7D60617-B8A0-4FA3-A6B6-A043905B18CB}.Debug|Any CPU.Build.0 = Debug|Any CPU
		{A7D60617-B8A0-4FA3-A6B6-A043905B18CB}.Debug|ARM.ActiveCfg = Debug|Any CPU
		{A7D60617-B8A0-4FA3-A6B6-A043905B18CB}.Debug|ARM.Build.0 = Debug|Any CPU
		{A7D60617-B8A0-4FA3-A6B6-A043905B18CB}.Debug|iPhone.ActiveCfg = Debug|Any CPU
		{A7D60617-B8A0-4FA3-A6B6-A043905B18CB}.Debug|iPhone.Build.0 = Debug|Any CPU
		{A7D60617-B8A0-4FA3-A6B6-A043905B18CB}.Debug|iPhoneSimulator.ActiveCfg = Debug|Any CPU
		{A7D60617-B8A0-4FA3-A6B6-A043905B18CB}.Debug|iPhoneSimulator.Build.0 = Debug|Any CPU
		{A7D60617-B8A0-4FA3-A6B6-A043905B18CB}.Debug|x64.ActiveCfg = Debug|Any CPU
		{A7D60617-B8A0-4FA3-A6B6-A043905B18CB}.Debug|x64.Build.0 = Debug|Any CPU
		{A7D60617-B8A0-4FA3-A6B6-A043905B18CB}.Debug|x86.ActiveCfg = Debug|Any CPU
		{A7D60617-B8A0-4FA3-A6B6-A043905B18CB}.Debug|x86.Build.0 = Debug|Any CPU
		{A7D60617-B8A0-4FA3-A6B6-A043905B18CB}.Release|Any CPU.ActiveCfg = Release|Any CPU
		{A7D60617-B8A0-4FA3-A6B6-A043905B18CB}.Release|Any CPU.Build.0 = Release|Any CPU
		{A7D60617-B8A0-4FA3-A6B6-A043905B18CB}.Release|ARM.ActiveCfg = Release|Any CPU
		{A7D60617-B8A0-4FA3-A6B6-A043905B18CB}.Release|ARM.Build.0 = Release|Any CPU
		{A7D60617-B8A0-4FA3-A6B6-A043905B18CB}.Release|iPhone.ActiveCfg = Release|Any CPU
		{A7D60617-B8A0-4FA3-A6B6-A043905B18CB}.Release|iPhone.Build.0 = Release|Any CPU
		{A7D60617-B8A0-4FA3-A6B6-A043905B18CB}.Release|iPhoneSimulator.ActiveCfg = Release|Any CPU
		{A7D60617-B8A0-4FA3-A6B6-A043905B18CB}.Release|iPhoneSimulator.Build.0 = Release|Any CPU
		{A7D60617-B8A0-4FA3-A6B6-A043905B18CB}.Release|x64.ActiveCfg = Release|Any CPU
		{A7D60617-B8A0-4FA3-A6B6-A043905B18CB}.Release|x64.Build.0 = Release|Any CPU
		{A7D60617-B8A0-4FA3-A6B6-A043905B18CB}.Release|x86.ActiveCfg = Release|Any CPU
		{A7D60617-B8A0-4FA3-A6B6-A043905B18CB}.Release|x86.Build.0 = Release|Any CPU
	EndGlobalSection
	GlobalSection(SolutionProperties) = preSolution
		HideSolutionNode = FALSE
	EndGlobalSection
	GlobalSection(ExtensibilityGlobals) = postSolution
		SolutionGuid = {E9FA1AB4-96D4-4467-B054-E78FFAE526E3}
	EndGlobalSection
EndGlobal
